// !$*UTF8*$!
{
	archiveVersion = 1;
	classes = {
	};
	objectVersion = 55;
	objects = {

/* Begin PBXBuildFile section */
		FA37ED7D2846AECA00C499CB /* AppDelegate.swift in Sources */ = {isa = PBXBuildFile; fileRef = FA37ED7C2846AECA00C499CB /* AppDelegate.swift */; };
		FA37ED7F2846AECA00C499CB /* SceneDelegate.swift in Sources */ = {isa = PBXBuildFile; fileRef = FA37ED7E2846AECA00C499CB /* SceneDelegate.swift */; };
		FA37ED812846AECA00C499CB /* FilesViewController.swift in Sources */ = {isa = PBXBuildFile; fileRef = FA37ED802846AECA00C499CB /* FilesViewController.swift */; };
		FA37ED842846AECA00C499CB /* Main.storyboard in Resources */ = {isa = PBXBuildFile; fileRef = FA37ED822846AECA00C499CB /* Main.storyboard */; };
		FA37ED862846AECC00C499CB /* Assets.xcassets in Resources */ = {isa = PBXBuildFile; fileRef = FA37ED852846AECC00C499CB /* Assets.xcassets */; };
		FA37ED892846AECC00C499CB /* LaunchScreen.storyboard in Resources */ = {isa = PBXBuildFile; fileRef = FA37ED872846AECC00C499CB /* LaunchScreen.storyboard */; };
		FA37ED9328480D6B00C499CB /* CustomTableViewCell.swift in Sources */ = {isa = PBXBuildFile; fileRef = FA37ED9128480D6B00C499CB /* CustomTableViewCell.swift */; };
		FA37ED9428480D6B00C499CB /* CustomTableViewCell.xib in Resources */ = {isa = PBXBuildFile; fileRef = FA37ED9228480D6B00C499CB /* CustomTableViewCell.xib */; };
		FA818745288764E2002AF551 /* KeychainSwift in Frameworks */ = {isa = PBXBuildFile; productRef = FA818744288764E2002AF551 /* KeychainSwift */; };
		FA818747288765DA002AF551 /* KeychainService.swift in Sources */ = {isa = PBXBuildFile; fileRef = FA818746288765DA002AF551 /* KeychainService.swift */; };
		FA81874928876644002AF551 /* FileViewContoller+KeychainService.swift in Sources */ = {isa = PBXBuildFile; fileRef = FA81874828876644002AF551 /* FileViewContoller+KeychainService.swift */; };
		FA81874B28876725002AF551 /* LocalNotificationsService.swift in Sources */ = {isa = PBXBuildFile; fileRef = FA81874A28876725002AF551 /* LocalNotificationsService.swift */; };
		FAA6A78C2863B46800B2AE64 /* UserDefaultsService.swift in Sources */ = {isa = PBXBuildFile; fileRef = FAA6A78B2863B46800B2AE64 /* UserDefaultsService.swift */; };
		FAC6EF73284FEAAA00205339 /* Element.swift in Sources */ = {isa = PBXBuildFile; fileRef = FAC6EF72284FEAAA00205339 /* Element.swift */; };
		FAC6EF75284FEAB600205339 /* ElementsManager.swift in Sources */ = {isa = PBXBuildFile; fileRef = FAC6EF74284FEAB600205339 /* ElementsManager.swift */; };
		FAC6EF78284FEAF800205339 /* ElementsManagerDelegate.swift in Sources */ = {isa = PBXBuildFile; fileRef = FAC6EF77284FEAF800205339 /* ElementsManagerDelegate.swift */; };
		FAC6EF7A284FF22C00205339 /* FilesViewController+TableView.swift in Sources */ = {isa = PBXBuildFile; fileRef = FAC6EF79284FF22C00205339 /* FilesViewController+TableView.swift */; };
		FAC6EF7F285010BA00205339 /* CustomCollectionViewCell.swift in Sources */ = {isa = PBXBuildFile; fileRef = FAC6EF7D285010BA00205339 /* CustomCollectionViewCell.swift */; };
		FAC6EF80285010BA00205339 /* CustomCollectionViewCell.xib in Resources */ = {isa = PBXBuildFile; fileRef = FAC6EF7E285010BA00205339 /* CustomCollectionViewCell.xib */; };
		FAC6EF82285013EF00205339 /* FilesViewControlles+CollectionView.swift in Sources */ = {isa = PBXBuildFile; fileRef = FAC6EF81285013EF00205339 /* FilesViewControlles+CollectionView.swift */; };
		FAE25D0A2856875400743B3A /* ImageViewController.swift in Sources */ = {isa = PBXBuildFile; fileRef = FAE25D092856875400743B3A /* ImageViewController.swift */; };
		FAE25D0D2856A33D00743B3A /* Mode.swift in Sources */ = {isa = PBXBuildFile; fileRef = FAE25D0C2856A33D00743B3A /* Mode.swift */; };
/* End PBXBuildFile section */

/* Begin PBXFileReference section */
		FA37ED792846AECA00C499CB /* FileManager.app */ = {isa = PBXFileReference; explicitFileType = wrapper.application; includeInIndex = 0; path = FileManager.app; sourceTree = BUILT_PRODUCTS_DIR; };
		FA37ED7C2846AECA00C499CB /* AppDelegate.swift */ = {isa = PBXFileReference; lastKnownFileType = sourcecode.swift; path = AppDelegate.swift; sourceTree = "<group>"; };
		FA37ED7E2846AECA00C499CB /* SceneDelegate.swift */ = {isa = PBXFileReference; lastKnownFileType = sourcecode.swift; path = SceneDelegate.swift; sourceTree = "<group>"; };
		FA37ED802846AECA00C499CB /* FilesViewController.swift */ = {isa = PBXFileReference; lastKnownFileType = sourcecode.swift; path = FilesViewController.swift; sourceTree = "<group>"; };
		FA37ED832846AECA00C499CB /* Base */ = {isa = PBXFileReference; lastKnownFileType = file.storyboard; name = Base; path = Base.lproj/Main.storyboard; sourceTree = "<group>"; };
		FA37ED852846AECC00C499CB /* Assets.xcassets */ = {isa = PBXFileReference; lastKnownFileType = folder.assetcatalog; path = Assets.xcassets; sourceTree = "<group>"; };
		FA37ED882846AECC00C499CB /* Base */ = {isa = PBXFileReference; lastKnownFileType = file.storyboard; name = Base; path = Base.lproj/LaunchScreen.storyboard; sourceTree = "<group>"; };
		FA37ED8A2846AECD00C499CB /* Info.plist */ = {isa = PBXFileReference; lastKnownFileType = text.plist.xml; path = Info.plist; sourceTree = "<group>"; };
		FA37ED9128480D6B00C499CB /* CustomTableViewCell.swift */ = {isa = PBXFileReference; lastKnownFileType = sourcecode.swift; path = CustomTableViewCell.swift; sourceTree = "<group>"; };
		FA37ED9228480D6B00C499CB /* CustomTableViewCell.xib */ = {isa = PBXFileReference; lastKnownFileType = file.xib; path = CustomTableViewCell.xib; sourceTree = "<group>"; };
		FA818746288765DA002AF551 /* KeychainService.swift */ = {isa = PBXFileReference; lastKnownFileType = sourcecode.swift; path = KeychainService.swift; sourceTree = "<group>"; };
		FA81874828876644002AF551 /* FileViewContoller+KeychainService.swift */ = {isa = PBXFileReference; lastKnownFileType = sourcecode.swift; path = "FileViewContoller+KeychainService.swift"; sourceTree = "<group>"; };
		FA81874A28876725002AF551 /* LocalNotificationsService.swift */ = {isa = PBXFileReference; lastKnownFileType = sourcecode.swift; path = LocalNotificationsService.swift; sourceTree = "<group>"; };
		FAA6A78B2863B46800B2AE64 /* UserDefaultsService.swift */ = {isa = PBXFileReference; lastKnownFileType = sourcecode.swift; path = UserDefaultsService.swift; sourceTree = "<group>"; };
		FAC6EF72284FEAAA00205339 /* Element.swift */ = {isa = PBXFileReference; lastKnownFileType = sourcecode.swift; path = Element.swift; sourceTree = "<group>"; };
		FAC6EF74284FEAB600205339 /* ElementsManager.swift */ = {isa = PBXFileReference; lastKnownFileType = sourcecode.swift; path = ElementsManager.swift; sourceTree = "<group>"; };
		FAC6EF77284FEAF800205339 /* ElementsManagerDelegate.swift */ = {isa = PBXFileReference; lastKnownFileType = sourcecode.swift; path = ElementsManagerDelegate.swift; sourceTree = "<group>"; };
		FAC6EF79284FF22C00205339 /* FilesViewController+TableView.swift */ = {isa = PBXFileReference; lastKnownFileType = sourcecode.swift; path = "FilesViewController+TableView.swift"; sourceTree = "<group>"; };
		FAC6EF7D285010BA00205339 /* CustomCollectionViewCell.swift */ = {isa = PBXFileReference; lastKnownFileType = sourcecode.swift; path = CustomCollectionViewCell.swift; sourceTree = "<group>"; };
		FAC6EF7E285010BA00205339 /* CustomCollectionViewCell.xib */ = {isa = PBXFileReference; lastKnownFileType = file.xib; path = CustomCollectionViewCell.xib; sourceTree = "<group>"; };
		FAC6EF81285013EF00205339 /* FilesViewControlles+CollectionView.swift */ = {isa = PBXFileReference; lastKnownFileType = sourcecode.swift; path = "FilesViewControlles+CollectionView.swift"; sourceTree = "<group>"; };
		FAE25D092856875400743B3A /* ImageViewController.swift */ = {isa = PBXFileReference; lastKnownFileType = sourcecode.swift; path = ImageViewController.swift; sourceTree = "<group>"; };
		FAE25D0C2856A33D00743B3A /* Mode.swift */ = {isa = PBXFileReference; lastKnownFileType = sourcecode.swift; path = Mode.swift; sourceTree = "<group>"; };
/* End PBXFileReference section */

/* Begin PBXFrameworksBuildPhase section */
		FA37ED762846AECA00C499CB /* Frameworks */ = {
			isa = PBXFrameworksBuildPhase;
			buildActionMask = 2147483647;
			files = (
				FA818745288764E2002AF551 /* KeychainSwift in Frameworks */,
			);
			runOnlyForDeploymentPostprocessing = 0;
		};
/* End PBXFrameworksBuildPhase section */

/* Begin PBXGroup section */
		FA37ED702846AECA00C499CB = {
			isa = PBXGroup;
			children = (
				FA37ED7B2846AECA00C499CB /* FileManager */,
				FA37ED7A2846AECA00C499CB /* Products */,
			);
			sourceTree = "<group>";
		};
		FA37ED7A2846AECA00C499CB /* Products */ = {
			isa = PBXGroup;
			children = (
				FA37ED792846AECA00C499CB /* FileManager.app */,
			);
			name = Products;
			sourceTree = "<group>";
		};
		FA37ED7B2846AECA00C499CB /* FileManager */ = {
			isa = PBXGroup;
			children = (
				FAA6A78A2863B45400B2AE64 /* Services */,
				FAC6EF70284FE9E700205339 /* ViewControllers */,
				FAC6EF76284FEAE000205339 /* Delegates */,
				FAC6EF71284FEA7E00205339 /* Models */,
				FA37ED9028480D0A00C499CB /* Cells */,
				FA37ED7C2846AECA00C499CB /* AppDelegate.swift */,
				FA37ED7E2846AECA00C499CB /* SceneDelegate.swift */,
				FA37ED822846AECA00C499CB /* Main.storyboard */,
				FA37ED852846AECC00C499CB /* Assets.xcassets */,
				FA37ED872846AECC00C499CB /* LaunchScreen.storyboard */,
				FA37ED8A2846AECD00C499CB /* Info.plist */,
			);
			path = FileManager;
			sourceTree = "<group>";
		};
		FA37ED9028480D0A00C499CB /* Cells */ = {
			isa = PBXGroup;
			children = (
				FAC6EF7C2850108B00205339 /* CollectionViewCells */,
				FAC6EF7B2850106C00205339 /* TableViewCells */,
			);
			path = Cells;
			sourceTree = "<group>";
		};
		FAA6A78A2863B45400B2AE64 /* Services */ = {
			isa = PBXGroup;
			children = (
				FAA6A78B2863B46800B2AE64 /* UserDefaultsService.swift */,
				FA818746288765DA002AF551 /* KeychainService.swift */,
				FA81874A28876725002AF551 /* LocalNotificationsService.swift */,
			);
			path = Services;
			sourceTree = "<group>";
		};
		FAC6EF70284FE9E700205339 /* ViewControllers */ = {
			isa = PBXGroup;
			children = (
				FA37ED802846AECA00C499CB /* FilesViewController.swift */,
				FAC6EF79284FF22C00205339 /* FilesViewController+TableView.swift */,
				FAC6EF81285013EF00205339 /* FilesViewControlles+CollectionView.swift */,
				FAE25D092856875400743B3A /* ImageViewController.swift */,
				FA81874828876644002AF551 /* FileViewContoller+KeychainService.swift */,
			);
			path = ViewControllers;
			sourceTree = "<group>";
		};
		FAC6EF71284FEA7E00205339 /* Models */ = {
			isa = PBXGroup;
			children = (
				FAC6EF72284FEAAA00205339 /* Element.swift */,
				FAC6EF74284FEAB600205339 /* ElementsManager.swift */,
				FAE25D0C2856A33D00743B3A /* Mode.swift */,
			);
			path = Models;
			sourceTree = "<group>";
		};
		FAC6EF76284FEAE000205339 /* Delegates */ = {
			isa = PBXGroup;
			children = (
				FAC6EF77284FEAF800205339 /* ElementsManagerDelegate.swift */,
			);
			path = Delegates;
			sourceTree = "<group>";
		};
		FAC6EF7B2850106C00205339 /* TableViewCells */ = {
			isa = PBXGroup;
			children = (
				FA37ED9128480D6B00C499CB /* CustomTableViewCell.swift */,
				FA37ED9228480D6B00C499CB /* CustomTableViewCell.xib */,
			);
			path = TableViewCells;
			sourceTree = "<group>";
		};
		FAC6EF7C2850108B00205339 /* CollectionViewCells */ = {
			isa = PBXGroup;
			children = (
				FAC6EF7D285010BA00205339 /* CustomCollectionViewCell.swift */,
				FAC6EF7E285010BA00205339 /* CustomCollectionViewCell.xib */,
			);
			path = CollectionViewCells;
			sourceTree = "<group>";
		};
/* End PBXGroup section */

/* Begin PBXNativeTarget section */
		FA37ED782846AECA00C499CB /* FileManager */ = {
			isa = PBXNativeTarget;
			buildConfigurationList = FA37ED8D2846AECD00C499CB /* Build configuration list for PBXNativeTarget "FileManager" */;
			buildPhases = (
				FA37ED752846AECA00C499CB /* Sources */,
				FA37ED762846AECA00C499CB /* Frameworks */,
				FA37ED772846AECA00C499CB /* Resources */,
			);
			buildRules = (
			);
			dependencies = (
			);
			name = FileManager;
			packageProductDependencies = (
				FA818744288764E2002AF551 /* KeychainSwift */,
			);
			productName = FileManager;
			productReference = FA37ED792846AECA00C499CB /* FileManager.app */;
			productType = "com.apple.product-type.application";
		};
/* End PBXNativeTarget section */

/* Begin PBXProject section */
		FA37ED712846AECA00C499CB /* Project object */ = {
			isa = PBXProject;
			attributes = {
				BuildIndependentTargetsInParallel = 1;
				LastSwiftUpdateCheck = 1330;
				LastUpgradeCheck = 1330;
				TargetAttributes = {
					FA37ED782846AECA00C499CB = {
						CreatedOnToolsVersion = 13.3.1;
					};
				};
			};
			buildConfigurationList = FA37ED742846AECA00C499CB /* Build configuration list for PBXProject "FileManager" */;
			compatibilityVersion = "Xcode 13.0";
			developmentRegion = en;
			hasScannedForEncodings = 0;
			knownRegions = (
				en,
				Base,
			);
			mainGroup = FA37ED702846AECA00C499CB;
			packageReferences = (
				FA818743288764E2002AF551 /* XCRemoteSwiftPackageReference "keychain-swift" */,
			);
			productRefGroup = FA37ED7A2846AECA00C499CB /* Products */;
			projectDirPath = "";
			projectRoot = "";
			targets = (
				FA37ED782846AECA00C499CB /* FileManager */,
			);
		};
/* End PBXProject section */

/* Begin PBXResourcesBuildPhase section */
		FA37ED772846AECA00C499CB /* Resources */ = {
			isa = PBXResourcesBuildPhase;
			buildActionMask = 2147483647;
			files = (
				FA37ED892846AECC00C499CB /* LaunchScreen.storyboard in Resources */,
				FA37ED862846AECC00C499CB /* Assets.xcassets in Resources */,
				FA37ED9428480D6B00C499CB /* CustomTableViewCell.xib in Resources */,
				FAC6EF80285010BA00205339 /* CustomCollectionViewCell.xib in Resources */,
				FA37ED842846AECA00C499CB /* Main.storyboard in Resources */,
			);
			runOnlyForDeploymentPostprocessing = 0;
		};
/* End PBXResourcesBuildPhase section */

/* Begin PBXSourcesBuildPhase section */
		FA37ED752846AECA00C499CB /* Sources */ = {
			isa = PBXSourcesBuildPhase;
			buildActionMask = 2147483647;
			files = (
				FA81874B28876725002AF551 /* LocalNotificationsService.swift in Sources */,
				FA37ED812846AECA00C499CB /* FilesViewController.swift in Sources */,
				FA81874928876644002AF551 /* FileViewContoller+KeychainService.swift in Sources */,
				FAC6EF7F285010BA00205339 /* CustomCollectionViewCell.swift in Sources */,
				FAE25D0D2856A33D00743B3A /* Mode.swift in Sources */,
				FA37ED7D2846AECA00C499CB /* AppDelegate.swift in Sources */,
				FA37ED9328480D6B00C499CB /* CustomTableViewCell.swift in Sources */,
				FA37ED7F2846AECA00C499CB /* SceneDelegate.swift in Sources */,
				FAC6EF75284FEAB600205339 /* ElementsManager.swift in Sources */,
				FAC6EF73284FEAAA00205339 /* Element.swift in Sources */,
				FAC6EF7A284FF22C00205339 /* FilesViewController+TableView.swift in Sources */,
				FAC6EF82285013EF00205339 /* FilesViewControlles+CollectionView.swift in Sources */,
				FAE25D0A2856875400743B3A /* ImageViewController.swift in Sources */,
				FA818747288765DA002AF551 /* KeychainService.swift in Sources */,
				FAC6EF78284FEAF800205339 /* ElementsManagerDelegate.swift in Sources */,
				FAA6A78C2863B46800B2AE64 /* UserDefaultsService.swift in Sources */,
			);
			runOnlyForDeploymentPostprocessing = 0;
		};
/* End PBXSourcesBuildPhase section */

/* Begin PBXVariantGroup section */
		FA37ED822846AECA00C499CB /* Main.storyboard */ = {
			isa = PBXVariantGroup;
			children = (
				FA37ED832846AECA00C499CB /* Base */,
			);
			name = Main.storyboard;
			sourceTree = "<group>";
		};
		FA37ED872846AECC00C499CB /* LaunchScreen.storyboard */ = {
			isa = PBXVariantGroup;
			children = (
				FA37ED882846AECC00C499CB /* Base */,
			);
			name = LaunchScreen.storyboard;
			sourceTree = "<group>";
		};
/* End PBXVariantGroup section */

/* Begin XCBuildConfiguration section */
		FA37ED8B2846AECD00C499CB /* Debug */ = {
			isa = XCBuildConfiguration;
			buildSettings = {
				ALWAYS_SEARCH_USER_PATHS = NO;
				CLANG_ANALYZER_NONNULL = YES;
				CLANG_ANALYZER_NUMBER_OBJECT_CONVERSION = YES_AGGRESSIVE;
				CLANG_CXX_LANGUAGE_STANDARD = "gnu++17";
				CLANG_ENABLE_MODULES = YES;
				CLANG_ENABLE_OBJC_ARC = YES;
				CLANG_ENABLE_OBJC_WEAK = YES;
				CLANG_WARN_BLOCK_CAPTURE_AUTORELEASING = YES;
				CLANG_WARN_BOOL_CONVERSION = YES;
				CLANG_WARN_COMMA = YES;
				CLANG_WARN_CONSTANT_CONVERSION = YES;
				CLANG_WARN_DEPRECATED_OBJC_IMPLEMENTATIONS = YES;
				CLANG_WARN_DIRECT_OBJC_ISA_USAGE = YES_ERROR;
				CLANG_WARN_DOCUMENTATION_COMMENTS = YES;
				CLANG_WARN_EMPTY_BODY = YES;
				CLANG_WARN_ENUM_CONVERSION = YES;
				CLANG_WARN_INFINITE_RECURSION = YES;
				CLANG_WARN_INT_CONVERSION = YES;
				CLANG_WARN_NON_LITERAL_NULL_CONVERSION = YES;
				CLANG_WARN_OBJC_IMPLICIT_RETAIN_SELF = YES;
				CLANG_WARN_OBJC_LITERAL_CONVERSION = YES;
				CLANG_WARN_OBJC_ROOT_CLASS = YES_ERROR;
				CLANG_WARN_QUOTED_INCLUDE_IN_FRAMEWORK_HEADER = YES;
				CLANG_WARN_RANGE_LOOP_ANALYSIS = YES;
				CLANG_WARN_STRICT_PROTOTYPES = YES;
				CLANG_WARN_SUSPICIOUS_MOVE = YES;
				CLANG_WARN_UNGUARDED_AVAILABILITY = YES_AGGRESSIVE;
				CLANG_WARN_UNREACHABLE_CODE = YES;
				CLANG_WARN__DUPLICATE_METHOD_MATCH = YES;
				COPY_PHASE_STRIP = NO;
				DEBUG_INFORMATION_FORMAT = dwarf;
				ENABLE_STRICT_OBJC_MSGSEND = YES;
				ENABLE_TESTABILITY = YES;
				GCC_C_LANGUAGE_STANDARD = gnu11;
				GCC_DYNAMIC_NO_PIC = NO;
				GCC_NO_COMMON_BLOCKS = YES;
				GCC_OPTIMIZATION_LEVEL = 0;
				GCC_PREPROCESSOR_DEFINITIONS = (
					"DEBUG=1",
					"$(inherited)",
				);
				GCC_WARN_64_TO_32_BIT_CONVERSION = YES;
				GCC_WARN_ABOUT_RETURN_TYPE = YES_ERROR;
				GCC_WARN_UNDECLARED_SELECTOR = YES;
				GCC_WARN_UNINITIALIZED_AUTOS = YES_AGGRESSIVE;
				GCC_WARN_UNUSED_FUNCTION = YES;
				GCC_WARN_UNUSED_VARIABLE = YES;
				IPHONEOS_DEPLOYMENT_TARGET = 15.4;
				MTL_ENABLE_DEBUG_INFO = INCLUDE_SOURCE;
				MTL_FAST_MATH = YES;
				ONLY_ACTIVE_ARCH = YES;
				SDKROOT = iphoneos;
				SWIFT_ACTIVE_COMPILATION_CONDITIONS = DEBUG;
				SWIFT_OPTIMIZATION_LEVEL = "-Onone";
			};
			name = Debug;
		};
		FA37ED8C2846AECD00C499CB /* Release */ = {
			isa = XCBuildConfiguration;
			buildSettings = {
				ALWAYS_SEARCH_USER_PATHS = NO;
				CLANG_ANALYZER_NONNULL = YES;
				CLANG_ANALYZER_NUMBER_OBJECT_CONVERSION = YES_AGGRESSIVE;
				CLANG_CXX_LANGUAGE_STANDARD = "gnu++17";
				CLANG_ENABLE_MODULES = YES;
				CLANG_ENABLE_OBJC_ARC = YES;
				CLANG_ENABLE_OBJC_WEAK = YES;
				CLANG_WARN_BLOCK_CAPTURE_AUTORELEASING = YES;
				CLANG_WARN_BOOL_CONVERSION = YES;
				CLANG_WARN_COMMA = YES;
				CLANG_WARN_CONSTANT_CONVERSION = YES;
				CLANG_WARN_DEPRECATED_OBJC_IMPLEMENTATIONS = YES;
				CLANG_WARN_DIRECT_OBJC_ISA_USAGE = YES_ERROR;
				CLANG_WARN_DOCUMENTATION_COMMENTS = YES;
				CLANG_WARN_EMPTY_BODY = YES;
				CLANG_WARN_ENUM_CONVERSION = YES;
				CLANG_WARN_INFINITE_RECURSION = YES;
				CLANG_WARN_INT_CONVERSION = YES;
				CLANG_WARN_NON_LITERAL_NULL_CONVERSION = YES;
				CLANG_WARN_OBJC_IMPLICIT_RETAIN_SELF = YES;
				CLANG_WARN_OBJC_LITERAL_CONVERSION = YES;
				CLANG_WARN_OBJC_ROOT_CLASS = YES_ERROR;
				CLANG_WARN_QUOTED_INCLUDE_IN_FRAMEWORK_HEADER = YES;
				CLANG_WARN_RANGE_LOOP_ANALYSIS = YES;
				CLANG_WARN_STRICT_PROTOTYPES = YES;
				CLANG_WARN_SUSPICIOUS_MOVE = YES;
				CLANG_WARN_UNGUARDED_AVAILABILITY = YES_AGGRESSIVE;
				CLANG_WARN_UNREACHABLE_CODE = YES;
				CLANG_WARN__DUPLICATE_METHOD_MATCH = YES;
				COPY_PHASE_STRIP = NO;
				DEBUG_INFORMATION_FORMAT = "dwarf-with-dsym";
				ENABLE_NS_ASSERTIONS = NO;
				ENABLE_STRICT_OBJC_MSGSEND = YES;
				GCC_C_LANGUAGE_STANDARD = gnu11;
				GCC_NO_COMMON_BLOCKS = YES;
				GCC_WARN_64_TO_32_BIT_CONVERSION = YES;
				GCC_WARN_ABOUT_RETURN_TYPE = YES_ERROR;
				GCC_WARN_UNDECLARED_SELECTOR = YES;
				GCC_WARN_UNINITIALIZED_AUTOS = YES_AGGRESSIVE;
				GCC_WARN_UNUSED_FUNCTION = YES;
				GCC_WARN_UNUSED_VARIABLE = YES;
				IPHONEOS_DEPLOYMENT_TARGET = 15.4;
				MTL_ENABLE_DEBUG_INFO = NO;
				MTL_FAST_MATH = YES;
				SDKROOT = iphoneos;
				SWIFT_COMPILATION_MODE = wholemodule;
				SWIFT_OPTIMIZATION_LEVEL = "-O";
				VALIDATE_PRODUCT = YES;
			};
			name = Release;
		};
		FA37ED8E2846AECD00C499CB /* Debug */ = {
			isa = XCBuildConfiguration;
			buildSettings = {
				ASSETCATALOG_COMPILER_APPICON_NAME = AppIcon;
				ASSETCATALOG_COMPILER_GLOBAL_ACCENT_COLOR_NAME = AccentColor;
				CODE_SIGN_STYLE = Automatic;
				CURRENT_PROJECT_VERSION = 1;
				DEVELOPMENT_TEAM = F8Y22AJ6G5;
				GENERATE_INFOPLIST_FILE = YES;
				INFOPLIST_FILE = FileManager/Info.plist;
				INFOPLIST_KEY_NSCameraUsageDescription = "";
				INFOPLIST_KEY_UIApplicationSupportsIndirectInputEvents = YES;
				INFOPLIST_KEY_UILaunchStoryboardName = LaunchScreen;
				INFOPLIST_KEY_UIMainStoryboardFile = Main;
				INFOPLIST_KEY_UISupportedInterfaceOrientations_iPad = "UIInterfaceOrientationPortrait UIInterfaceOrientationPortraitUpsideDown UIInterfaceOrientationLandscapeLeft UIInterfaceOrientationLandscapeRight";
				INFOPLIST_KEY_UISupportedInterfaceOrientations_iPhone = "UIInterfaceOrientationPortrait UIInterfaceOrientationLandscapeLeft UIInterfaceOrientationLandscapeRight";
				LD_RUNPATH_SEARCH_PATHS = (
					"$(inherited)",
					"@executable_path/Frameworks",
				);
				MARKETING_VERSION = 1.0;
				PRODUCT_BUNDLE_IDENTIFIER = com.alexEzhkin.FileManager;
				PRODUCT_NAME = "$(TARGET_NAME)";
				SWIFT_EMIT_LOC_STRINGS = YES;
				SWIFT_VERSION = 5.0;
				TARGETED_DEVICE_FAMILY = "1,2";
			};
			name = Debug;
		};
		FA37ED8F2846AECD00C499CB /* Release */ = {
			isa = XCBuildConfiguration;
			buildSettings = {
				ASSETCATALOG_COMPILER_APPICON_NAME = AppIcon;
				ASSETCATALOG_COMPILER_GLOBAL_ACCENT_COLOR_NAME = AccentColor;
				CODE_SIGN_STYLE = Automatic;
				CURRENT_PROJECT_VERSION = 1;
				DEVELOPMENT_TEAM = F8Y22AJ6G5;
				GENERATE_INFOPLIST_FILE = YES;
				INFOPLIST_FILE = FileManager/Info.plist;
				INFOPLIST_KEY_NSCameraUsageDescription = "";
				INFOPLIST_KEY_UIApplicationSupportsIndirectInputEvents = YES;
				INFOPLIST_KEY_UILaunchStoryboardName = LaunchScreen;
				INFOPLIST_KEY_UIMainStoryboardFile = Main;
				INFOPLIST_KEY_UISupportedInterfaceOrientations_iPad = "UIInterfaceOrientationPortrait UIInterfaceOrientationPortraitUpsideDown UIInterfaceOrientationLandscapeLeft UIInterfaceOrientationLandscapeRight";
				INFOPLIST_KEY_UISupportedInterfaceOrientations_iPhone = "UIInterfaceOrientationPortrait UIInterfaceOrientationLandscapeLeft UIInterfaceOrientationLandscapeRight";
				LD_RUNPATH_SEARCH_PATHS = (
					"$(inherited)",
					"@executable_path/Frameworks",
				);
				MARKETING_VERSION = 1.0;
				PRODUCT_BUNDLE_IDENTIFIER = com.alexEzhkin.FileManager;
				PRODUCT_NAME = "$(TARGET_NAME)";
				SWIFT_EMIT_LOC_STRINGS = YES;
				SWIFT_VERSION = 5.0;
				TARGETED_DEVICE_FAMILY = "1,2";
			};
			name = Release;
		};
/* End XCBuildConfiguration section */

/* Begin XCConfigurationList section */
		FA37ED742846AECA00C499CB /* Build configuration list for PBXProject "FileManager" */ = {
			isa = XCConfigurationList;
			buildConfigurations = (
				FA37ED8B2846AECD00C499CB /* Debug */,
				FA37ED8C2846AECD00C499CB /* Release */,
			);
			defaultConfigurationIsVisible = 0;
			defaultConfigurationName = Release;
		};
		FA37ED8D2846AECD00C499CB /* Build configuration list for PBXNativeTarget "FileManager" */ = {
			isa = XCConfigurationList;
			buildConfigurations = (
				FA37ED8E2846AECD00C499CB /* Debug */,
				FA37ED8F2846AECD00C499CB /* Release */,
			);
			defaultConfigurationIsVisible = 0;
			defaultConfigurationName = Release;
		};
/* End XCConfigurationList section */

/* Begin XCRemoteSwiftPackageReference section */
		FA818743288764E2002AF551 /* XCRemoteSwiftPackageReference "keychain-swift" */ = {
			isa = XCRemoteSwiftPackageReference;
			repositoryURL = "https://github.com/evgenyneu/keychain-swift.git";
			requirement = {
				branch = master;
				kind = branch;
			};
		};
/* End XCRemoteSwiftPackageReference section */

/* Begin XCSwiftPackageProductDependency section */
		FA818744288764E2002AF551 /* KeychainSwift */ = {
			isa = XCSwiftPackageProductDependency;
			package = FA818743288764E2002AF551 /* XCRemoteSwiftPackageReference "keychain-swift" */;
			productName = KeychainSwift;
		};
/* End XCSwiftPackageProductDependency section */
	};
	rootObject = FA37ED712846AECA00C499CB /* Project object */;
}
